
Microsoft Visual Studio Solution File, Format Version 11.00
# Visual Studio 2010
Project("{8BC9CEB8-8B4A-11D0-8D11-00A0C91BC942}") = "OpenGL Tutorial", "OpenGL Tutorial\OpenGL Tutorial.vcxproj", "{A6BFBAD2-75C0-42F4-91BD-7D86FB59D7C5}"
EndProject
Global
	GlobalSection(SolutionConfigurationPlatforms) = preSolution
		Debug|Win32 = Debug|Win32
		Release|Win32 = Release|Win32
	EndGlobalSection
	GlobalSection(ProjectConfigurationPlatforms) = postSolution
		{A6BFBAD2-75C0-42F4-91BD-7D86FB59D7C5}.Debug|Win32.ActiveCfg = Debug|Win32
		{A6BFBAD2-75C0-42F4-91BD-7D86FB59D7C5}.Debug|Win32.Build.0 = Debug|Win32
		{A6BFBAD2-75C0-42F4-91BD-7D86FB59D7C5}.Release|Win32.ActiveCfg = Release|Win32
		{A6BFBAD2-75C0-42F4-91BD-7D86FB59D7C5}.Release|Win32.Build.0 = Release|Win32
	EndGlobalSection
	GlobalSection(SolutionProperties) = preSolution
		HideSolutionNode = FALSE
	EndGlobalSection
EndGlobal
